{
  "name": "index",
  "lockfileVersion": 2,
  "requires": true,
  "packages": {
    "": {
      "name": "index",
      "dependencies": {
        "chalk": "^5.1.2",
        "termination": "^1.0.3",
        "traceroute": "^1.0.0"
      }
    },
    "node_modules/bezier-easing": {
      "version": "2.1.0",
      "resolved": "https://registry.npmjs.org/bezier-easing/-/bezier-easing-2.1.0.tgz",
      "integrity": "sha512-gbIqZ/eslnUFC1tjEvtz0sgx+xTK20wDnYMIA27VA04R7w6xxXQPZDbibjA9DTWZRA2CXtwHykkVzlCaAJAZig=="
    },
    "node_modules/chalk": {
      "version": "5.1.2",
      "resolved": "https://registry.npmjs.org/chalk/-/chalk-5.1.2.tgz",
      "integrity": "sha512-E5CkT4jWURs1Vy5qGJye+XwCkNj7Od3Af7CP6SujMetSMkLs8Do2RWJK5yx1wamHV/op8Rz+9rltjaTQWDnEFQ==",
      "engines": {
        "node": "^12.17.0 || ^14.13 || >=16.0.0"
      },
      "funding": {
        "url": "https://github.com/chalk/chalk?sponsor=1"
      }
    },
    "node_modules/colors": {
      "version": "1.4.0",
      "resolved": "https://registry.npmjs.org/colors/-/colors-1.4.0.tgz",
      "integrity": "sha512-a+UqTh4kgZg/SlGvfbzDHpgRu7AAQOmmqRHJnxhRZICKFUT91brVhNNt58CMWU9PsBbv3PDCZUHbVxuDiH2mtA==",
      "engines": {
        "node": ">=0.1.90"
      }
    },
    "node_modules/termination": {
      "version": "1.0.3",
      "resolved": "https://registry.npmjs.org/termination/-/termination-1.0.3.tgz",
      "integrity": "sha512-6g1vvpcIRPklC4pfHjqMx5K5EQbG1YD6wAfe6jcw8+sejXY9HwFtBQ80YZthqVz4GST9hUOQNHRFK1R16xKJ7g==",
      "dependencies": {
        "bezier-easing": "^2.1.0",
        "colors": "^1.4.0",
        "uuid": "^8.3.2"
      }
    },
    "node_modules/traceroute": {
      "version": "1.0.0",
      "resolved": "https://registry.npmjs.org/traceroute/-/traceroute-1.0.0.tgz",
      "integrity": "sha512-g+Ydtg6nkHVGAX3z51IM7utkbAJHtpb53IYXLTwSvD1nyhx2M7bT3QDFc1rj2OSKhemAxYVyYQHKWLFqjcbHPQ==",
      "engines": {
        "node": ">=4.0.0"
      }
    },
    "node_modules/uuid": {
      "version": "8.3.2",
      "resolved": "https://registry.npmjs.org/uuid/-/uuid-8.3.2.tgz",
      "integrity": "sha512-+NYs2QeMWy+GWFOEm9xnn6HCDp0l7QBD7ml8zLUmJ+93Q5NF0NocErnwkTkXVFNiX3/fpC6afS8Dhb/gz7R7eg==",
      "bin": {
        "uuid": "dist/bin/uuid"
      }
    }
  },
  "dependencies": {
    "bezier-easing": {
      "version": "2.1.0",
      "resolved": "https://registry.npmjs.org/bezier-easing/-/bezier-easing-2.1.0.tgz",
      "integrity": "sha512-gbIqZ/eslnUFC1tjEvtz0sgx+xTK20wDnYMIA27VA04R7w6xxXQPZDbibjA9DTWZRA2CXtwHykkVzlCaAJAZig=="
    },
    "chalk": {
      "version": "5.1.2",
      "resolved": "https://registry.npmjs.org/chalk/-/chalk-5.1.2.tgz",
      "integrity": "sha512-E5CkT4jWURs1Vy5qGJye+XwCkNj7Od3Af7CP6SujMetSMkLs8Do2RWJK5yx1wamHV/op8Rz+9rltjaTQWDnEFQ=="
    },
    "colors": {
      "version": "1.4.0",
      "resolved": "https://registry.npmjs.org/colors/-/colors-1.4.0.tgz",
      "integrity": "sha512-a+UqTh4kgZg/SlGvfbzDHpgRu7AAQOmmqRHJnxhRZICKFUT91brVhNNt58CMWU9PsBbv3PDCZUHbVxuDiH2mtA=="
    },
    "termination": {
      "version": "1.0.3",
      "resolved": "https://registry.npmjs.org/termination/-/termination-1.0.3.tgz",
      "integrity": "sha512-6g1vvpcIRPklC4pfHjqMx5K5EQbG1YD6wAfe6jcw8+sejXY9HwFtBQ80YZthqVz4GST9hUOQNHRFK1R16xKJ7g==",
      "requires": {
        "bezier-easing": "^2.1.0",
        "colors": "^1.4.0",
        "uuid": "^8.3.2"
      }
    },
    "traceroute": {
      "version": "1.0.0",
      "resolved": "https://registry.npmjs.org/traceroute/-/traceroute-1.0.0.tgz",
      "integrity": "sha512-g+Ydtg6nkHVGAX3z51IM7utkbAJHtpb53IYXLTwSvD1nyhx2M7bT3QDFc1rj2OSKhemAxYVyYQHKWLFqjcbHPQ=="
    },
    "uuid": {
      "version": "8.3.2",
      "resolved": "https://registry.npmjs.org/uuid/-/uuid-8.3.2.tgz",
      "integrity": "sha512-+NYs2QeMWy+GWFOEm9xnn6HCDp0l7QBD7ml8zLUmJ+93Q5NF0NocErnwkTkXVFNiX3/fpC6afS8Dhb/gz7R7eg=="
    }
  }
}
